
Microsoft Visual Studio Solution File, Format Version 12.00
# Visual Studio Version 17
VisualStudioVersion = 17.5.33502.453
MinimumVisualStudioVersion = 10.0.40219.1
Project("{FAE04EC0-301F-11D3-BF4B-00C04F79EFBC}") = "LB11", "LB11\LB11.csproj", "{A9503164-40E6-456E-A50B-B34DE36E1A9D}"
EndProject
Global
	GlobalSection(SolutionConfigurationPlatforms) = preSolution
		Debug|Any CPU = Debug|Any CPU
		Release|Any CPU = Release|Any CPU
	EndGlobalSection
	GlobalSection(ProjectConfigurationPlatforms) = postSolution
		{A9503164-40E6-456E-A50B-B34DE36E1A9D}.Debug|Any CPU.ActiveCfg = Debug|Any CPU
		{A9503164-40E6-456E-A50B-B34DE36E1A9D}.Debug|Any CPU.Build.0 = Debug|Any CPU
		{A9503164-40E6-456E-A50B-B34DE36E1A9D}.Release|Any CPU.ActiveCfg = Release|Any CPU
		{A9503164-40E6-456E-A50B-B34DE36E1A9D}.Release|Any CPU.Build.0 = Release|Any CPU
	EndGlobalSection
	GlobalSection(SolutionProperties) = preSolution
		HideSolutionNode = FALSE
	EndGlobalSection
	GlobalSection(ExtensibilityGlobals) = postSolution
		SolutionGuid = {87A89DF8-01E7-4C4D-86A8-5560DE631EFF}
	EndGlobalSection
EndGlobal
